
Microsoft Visual Studio Solution File, Format Version 12.00
# Visual Studio Version 16
VisualStudioVersion = 16.0.31005.135
MinimumVisualStudioVersion = 10.0.40219.1
Project("{FAE04EC0-301F-11D3-BF4B-00C04F79EFBC}") = "Differential Equation", "Differential Equation.csproj", "{8F431EF4-4E17-40E7-AD1B-18EE580D44A0}"
EndProject
Global
	GlobalSection(SolutionConfigurationPlatforms) = preSolution
		Debug|Any CPU = Debug|Any CPU
		Release|Any CPU = Release|Any CPU
	EndGlobalSection
	GlobalSection(ProjectConfigurationPlatforms) = postSolution
		{8F431EF4-4E17-40E7-AD1B-18EE580D44A0}.Debug|Any CPU.ActiveCfg = Debug|Any CPU
		{8F431EF4-4E17-40E7-AD1B-18EE580D44A0}.Debug|Any CPU.Build.0 = Debug|Any CPU
		{8F431EF4-4E17-40E7-AD1B-18EE580D44A0}.Release|Any CPU.ActiveCfg = Release|Any CPU
		{8F431EF4-4E17-40E7-AD1B-18EE580D44A0}.Release|Any CPU.Build.0 = Release|Any CPU
	EndGlobalSection
	GlobalSection(SolutionProperties) = preSolution
		HideSolutionNode = FALSE
	EndGlobalSection
	GlobalSection(ExtensibilityGlobals) = postSolution
		SolutionGuid = {9579779D-D8CB-4BA2-B233-8DBA4D4CCC35}
	EndGlobalSection
EndGlobal
