
Microsoft Visual Studio Solution File, Format Version 12.00
# Visual Studio Version 16
VisualStudioVersion = 16.0.31005.135
MinimumVisualStudioVersion = 10.0.40219.1
Project("{FAE04EC0-301F-11D3-BF4B-00C04F79EFBC}") = "Nonlinear Algebra", "Nonlinear Algebra.csproj", "{7764C2EE-0BE8-4841-AFDE-0DBBCB8353EC}"
EndProject
Global
	GlobalSection(SolutionConfigurationPlatforms) = preSolution
		Debug|Any CPU = Debug|Any CPU
		Release|Any CPU = Release|Any CPU
	EndGlobalSection
	GlobalSection(ProjectConfigurationPlatforms) = postSolution
		{7764C2EE-0BE8-4841-AFDE-0DBBCB8353EC}.Debug|Any CPU.ActiveCfg = Debug|Any CPU
		{7764C2EE-0BE8-4841-AFDE-0DBBCB8353EC}.Debug|Any CPU.Build.0 = Debug|Any CPU
		{7764C2EE-0BE8-4841-AFDE-0DBBCB8353EC}.Release|Any CPU.ActiveCfg = Release|Any CPU
		{7764C2EE-0BE8-4841-AFDE-0DBBCB8353EC}.Release|Any CPU.Build.0 = Release|Any CPU
	EndGlobalSection
	GlobalSection(SolutionProperties) = preSolution
		HideSolutionNode = FALSE
	EndGlobalSection
	GlobalSection(ExtensibilityGlobals) = postSolution
		SolutionGuid = {07E148EA-9AB3-43FE-862F-686261ECDE09}
	EndGlobalSection
EndGlobal
